
Microsoft Visual Studio Solution File, Format Version 12.00
# Visual Studio Version 17
VisualStudioVersion = 17.0.31903.59
MinimumVisualStudioVersion = 10.0.40219.1
Project("{FAE04EC0-301F-11D3-BF4B-00C04F79EFBC}") = "2 WPF", "2 WPF\2 WPF.csproj", "{A9702957-9343-491D-AEA4-AC04A7AEBFD5}"
EndProject
Global
	GlobalSection(SolutionConfigurationPlatforms) = preSolution
		Debug|Any CPU = Debug|Any CPU
		Release|Any CPU = Release|Any CPU
	EndGlobalSection
	GlobalSection(ProjectConfigurationPlatforms) = postSolution
		{A9702957-9343-491D-AEA4-AC04A7AEBFD5}.Debug|Any CPU.ActiveCfg = Debug|Any CPU
		{A9702957-9343-491D-AEA4-AC04A7AEBFD5}.Debug|Any CPU.Build.0 = Debug|Any CPU
		{A9702957-9343-491D-AEA4-AC04A7AEBFD5}.Release|Any CPU.ActiveCfg = Release|Any CPU
		{A9702957-9343-491D-AEA4-AC04A7AEBFD5}.Release|Any CPU.Build.0 = Release|Any CPU
	EndGlobalSection
	GlobalSection(SolutionProperties) = preSolution
		HideSolutionNode = FALSE
	EndGlobalSection
	GlobalSection(ExtensibilityGlobals) = postSolution
		SolutionGuid = {2DC5A48D-0662-4AE9-8F54-0BDCAE155C21}
	EndGlobalSection
EndGlobal
